github.com/go-facter/facter v0.0.0-20260708052836-752b1a3edee0 h1:1PUT8X4gKZsXEVdoMS//ceD4X2jiK9fEJinyU2iuIpI=
github.com/go-facter/facter v0.0.0-20260708052836-752b1a3edee0/go.mod h1:ghuoOHWXdq5dE3GLPDiz3Uy0ORrvK+1hB7QC997ez2U=
github.com/go-hiera/hiera v0.0.0-20260708051558-73bff6edd0e9 h1:SydVW8z9lhzfLFvLTsaUPoNmStmdp/09DmI7Vwxz9QE=
github.com/go-hiera/hiera v0.0.0-20260708051558-73bff6edd0e9/go.mod h1:Xsrq+9d6EzW6Ju6DyJpIDDj4CYGka5ZAOWlBbQOOE5k=
github.com/go-hocon/hocon v0.0.0-20260709172937-6d69e3b57178 h1:EGvh/i6BkxL7/jMOXFyN5xDX4Ya/Oz8D8wHT5i5Xttg=
github.com/go-hocon/hocon v0.0.0-20260709172937-6d69e3b57178/go.mod h1:2231cAwqF+bztx0saIVdVSKtnvkx1VVxncHSNSEPu/4=
github.com/go-pcore/pcore v0.0.0-20260708052910-1416bf219e47 h1:pPEpa5r9lGvOEbiyt04kdlg3up8SnfYc6tRTsPuu2Ec=
github.com/go-pcore/pcore v0.0.0-20260708052910-1416bf219e47/go.mod h1:MgngaL59lB3D41kl/VWYfkem1sJDBbh3JXG/y/Lrnjo=
github.com/go-puppet/puppet v0.0.0-20260710103827-cd6a37fab2cc h1:ohUXH6SV0FW10+CXPQvhazFn9ThzwCJFRaNrgwZQorY=
github.com/go-puppet/puppet v0.0.0-20260710103827-cd6a37fab2cc/go.mod h1:Kp6rxA/TsanKrp24Rlb7YfK+PH/xkxXeQvjIKPHirBk=
github.com/go-ruby-yaml/yaml v0.0.0-20260709090301-cbc7bd99c0ed h1:VQDvAYCXqfDPo+7or3YK7C/f/0m0kjAAO58jYtrrmqo=
github.com/go-ruby-yaml/yaml v0.0.0-20260709090301-cbc7bd99c0ed/go.mod h1:HtbQgnZpSTJBAhPg1jOKgHycZl3tXgf9ZdOu4dnHWjQ=
golang.org/x/crypto v0.54.0 h1:YLIA59K4fiNzHzjnZt2tUJQjQtUWfWbeHBqKtk3eScw=
golang.org/x/crypto v0.54.0/go.mod h1:KWL8ny2AZdGR2cWmzeHrp2azQPGogOv+HeQaVEXC2dk=
golang.org/x/sys v0.47.0 h1:o7XGOvZQCADBQQ4Y7VNq2dRWQR7JmOUW8Kxx4ZsNgWs=
golang.org/x/sys v0.47.0/go.mod h1:4GL1E5IUh+htKOUEOaiffhrAeqysfVGipDYzABqnCmw=
golang.org/x/term v0.45.0 h1:NwWyBmoJCbfTHpxrWoZ9C6/VxOf7ic219I8xZZFdrf0=
golang.org/x/term v0.45.0/go.mod h1:9aqxs0blBcrm/n0L9QW0aRVD+ktan8ssZromtqJC43w=
